
Microsoft Visual Studio Solution File, Format Version 12.00
# Visual Studio Version 17
VisualStudioVersion = 17.10.34916.146
MinimumVisualStudioVersion = 10.0.40219.1
Project("{9A19103F-16F7-4668-BE54-9A1E7A4F7556}") = "MpCoding.WPF.Notification", "MpCoding.WPF.Notification\MpCoding.WPF.Notification.csproj", "{5BFAD94E-E130-457C-A241-31783822C579}"
EndProject
Project("{FAE04EC0-301F-11D3-BF4B-00C04F79EFBC}") = "Testing", "Testing\Testing.csproj", "{FA635A5B-1982-4D48-89DE-576B28C55ADD}"
EndProject
Global
	GlobalSection(SolutionConfigurationPlatforms) = preSolution
		Debug|Any CPU = Debug|Any CPU
		Release|Any CPU = Release|Any CPU
	EndGlobalSection
	GlobalSection(ProjectConfigurationPlatforms) = postSolution
		{5BFAD94E-E130-457C-A241-31783822C579}.Debug|Any CPU.ActiveCfg = Debug|Any CPU
		{5BFAD94E-E130-457C-A241-31783822C579}.Debug|Any CPU.Build.0 = Debug|Any CPU
		{5BFAD94E-E130-457C-A241-31783822C579}.Release|Any CPU.ActiveCfg = Release|Any CPU
		{5BFAD94E-E130-457C-A241-31783822C579}.Release|Any CPU.Build.0 = Release|Any CPU
		{FA635A5B-1982-4D48-89DE-576B28C55ADD}.Debug|Any CPU.ActiveCfg = Debug|Any CPU
		{FA635A5B-1982-4D48-89DE-576B28C55ADD}.Debug|Any CPU.Build.0 = Debug|Any CPU
		{FA635A5B-1982-4D48-89DE-576B28C55ADD}.Release|Any CPU.ActiveCfg = Release|Any CPU
		{FA635A5B-1982-4D48-89DE-576B28C55ADD}.Release|Any CPU.Build.0 = Release|Any CPU
	EndGlobalSection
	GlobalSection(SolutionProperties) = preSolution
		HideSolutionNode = FALSE
	EndGlobalSection
	GlobalSection(ExtensibilityGlobals) = postSolution
		SolutionGuid = {35E5C3B9-B3EA-4079-AA8E-729B35819F39}
	EndGlobalSection
EndGlobal
